github.com/joho/godotenv v1.4.0 h1:3l4+N6zfMWnkbPEXKng2o2/MR5mSwTrBih4ZEkkz1lg=
github.com/joho/godotenv v1.4.0/go.mod h1:f4LDr5Voq0i2e/R5DDNOoa2zzDfwtkZa6DnEwAbqwq4=
github.com/xkamail/dotconfig v1.4.4 h1:TLaZ4EPRbEGnHta29cWYri2JX2kppihuL3RBatmTA4A=
github.com/xkamail/dotconfig v1.4.4/go.mod h1:up5hG1mCXgxVN/5MGp1q6Vr6Ni3XayONPmpNv2Go9sI=
